
Microsoft Visual Studio Solution File, Format Version 12.00
# Visual Studio Version 17
VisualStudioVersion = 17.5.33627.172
MinimumVisualStudioVersion = 10.0.40219.1
Project("{FAE04EC0-301F-11D3-BF4B-00C04F79EFBC}") = "ConsoleApp1", "ConsoleApp1.csproj", "{DA943EFA-DD5B-4561-82BE-A07A3AFA0E13}"
EndProject
Project("{FAE04EC0-301F-11D3-BF4B-00C04F79EFBC}") = "another_assembly", "..\another_assembly\another_assembly.csproj", "{5BE730C0-02AC-410F-91C4-71CEE9818B39}"
EndProject
Global
	GlobalSection(SolutionConfigurationPlatforms) = preSolution
		Debug|Any CPU = Debug|Any CPU
		Release|Any CPU = Release|Any CPU
	EndGlobalSection
	GlobalSection(ProjectConfigurationPlatforms) = postSolution
		{DA943EFA-DD5B-4561-82BE-A07A3AFA0E13}.Debug|Any CPU.ActiveCfg = Debug|Any CPU
		{DA943EFA-DD5B-4561-82BE-A07A3AFA0E13}.Debug|Any CPU.Build.0 = Debug|Any CPU
		{DA943EFA-DD5B-4561-82BE-A07A3AFA0E13}.Release|Any CPU.ActiveCfg = Release|Any CPU
		{DA943EFA-DD5B-4561-82BE-A07A3AFA0E13}.Release|Any CPU.Build.0 = Release|Any CPU
		{5BE730C0-02AC-410F-91C4-71CEE9818B39}.Debug|Any CPU.ActiveCfg = Debug|Any CPU
		{5BE730C0-02AC-410F-91C4-71CEE9818B39}.Debug|Any CPU.Build.0 = Debug|Any CPU
		{5BE730C0-02AC-410F-91C4-71CEE9818B39}.Release|Any CPU.ActiveCfg = Release|Any CPU
		{5BE730C0-02AC-410F-91C4-71CEE9818B39}.Release|Any CPU.Build.0 = Release|Any CPU
	EndGlobalSection
	GlobalSection(SolutionProperties) = preSolution
		HideSolutionNode = FALSE
	EndGlobalSection
	GlobalSection(ExtensibilityGlobals) = postSolution
		SolutionGuid = {E8628113-EE47-4984-8067-3332147D2470}
	EndGlobalSection
EndGlobal
